
Microsoft Visual Studio Solution File, Format Version 11.00
# Visual Studio 2010
Project("{FAE04EC0-301F-11D3-BF4B-00C04F79EFBC}") = "webhooq-client-csharp", "webhooq-client-csharp.csproj", "{2059F8D7-2B8C-41A7-9863-1EA487DB533D}"
EndProject
Global
	GlobalSection(SolutionConfigurationPlatforms) = preSolution
		Debug|Any CPU = Debug|Any CPU
		Release|Any CPU = Release|Any CPU
	EndGlobalSection
	GlobalSection(ProjectConfigurationPlatforms) = postSolution
		{2059F8D7-2B8C-41A7-9863-1EA487DB533D}.Debug|Any CPU.ActiveCfg = Debug|Any CPU
		{2059F8D7-2B8C-41A7-9863-1EA487DB533D}.Debug|Any CPU.Build.0 = Debug|Any CPU
		{2059F8D7-2B8C-41A7-9863-1EA487DB533D}.Release|Any CPU.ActiveCfg = Release|Any CPU
		{2059F8D7-2B8C-41A7-9863-1EA487DB533D}.Release|Any CPU.Build.0 = Release|Any CPU
	EndGlobalSection
	GlobalSection(MonoDevelopProperties) = preSolution
		StartupItem = webhooq-client-csharp.csproj
	EndGlobalSection
EndGlobal
